
Microsoft Visual Studio Solution File, Format Version 12.00
# Visual Studio 2013
VisualStudioVersion = 12.0.21005.1
MinimumVisualStudioVersion = 10.0.40219.1
Project("{8BC9CEB8-8B4A-11D0-8D11-00A0C91BC942}") = "DataStructures", "DataStructures\DataStructures.vcxproj", "{42128F7D-034E-4167-82A0-C7DCE7142B40}"
EndProject
Project("{8BC9CEB8-8B4A-11D0-8D11-00A0C91BC942}") = "CUnit", "CUnit\CUnit.vcxproj", "{C269065E-3B25-4B8C-AFEE-003D3FDDB3DE}"
EndProject
Project("{8BC9CEB8-8B4A-11D0-8D11-00A0C91BC942}") = "DataStructuresTest", "DataStructuresTest\DataStructuresTest.vcxproj", "{42D39F67-69CE-4CD5-953B-99F9F5E0DF54}"
	ProjectSection(ProjectDependencies) = postProject
		{C269065E-3B25-4B8C-AFEE-003D3FDDB3DE} = {C269065E-3B25-4B8C-AFEE-003D3FDDB3DE}
		{42128F7D-034E-4167-82A0-C7DCE7142B40} = {42128F7D-034E-4167-82A0-C7DCE7142B40}
	EndProjectSection
EndProject
Project("{8BC9CEB8-8B4A-11D0-8D11-00A0C91BC942}") = "Algorithm", "Algorithm\Algorithm.vcxproj", "{40367894-C0DE-4C8A-BC6F-8D1AEB31FFBC}"
EndProject
Project("{8BC9CEB8-8B4A-11D0-8D11-00A0C91BC942}") = "AlgorithmTest", "AlgorithmTest\AlgorithmTest.vcxproj", "{E17BB386-71D3-47DA-A05C-8FAC5BEC8350}"
	ProjectSection(ProjectDependencies) = postProject
		{C269065E-3B25-4B8C-AFEE-003D3FDDB3DE} = {C269065E-3B25-4B8C-AFEE-003D3FDDB3DE}
		{40367894-C0DE-4C8A-BC6F-8D1AEB31FFBC} = {40367894-C0DE-4C8A-BC6F-8D1AEB31FFBC}
	EndProjectSection
EndProject
Project("{8BC9CEB8-8B4A-11D0-8D11-00A0C91BC942}") = "Base", "Base\Base.vcxproj", "{75D63582-81F9-4196-BDE7-0D3DFF593254}"
EndProject
Global
	GlobalSection(SolutionConfigurationPlatforms) = preSolution
		Debug|Win32 = Debug|Win32
		Release|Win32 = Release|Win32
	EndGlobalSection
	GlobalSection(ProjectConfigurationPlatforms) = postSolution
		{42128F7D-034E-4167-82A0-C7DCE7142B40}.Debug|Win32.ActiveCfg = Debug|Win32
		{42128F7D-034E-4167-82A0-C7DCE7142B40}.Debug|Win32.Build.0 = Debug|Win32
		{42128F7D-034E-4167-82A0-C7DCE7142B40}.Release|Win32.ActiveCfg = Release|Win32
		{42128F7D-034E-4167-82A0-C7DCE7142B40}.Release|Win32.Build.0 = Release|Win32
		{C269065E-3B25-4B8C-AFEE-003D3FDDB3DE}.Debug|Win32.ActiveCfg = Debug|Win32
		{C269065E-3B25-4B8C-AFEE-003D3FDDB3DE}.Debug|Win32.Build.0 = Debug|Win32
		{C269065E-3B25-4B8C-AFEE-003D3FDDB3DE}.Release|Win32.ActiveCfg = Release|Win32
		{C269065E-3B25-4B8C-AFEE-003D3FDDB3DE}.Release|Win32.Build.0 = Release|Win32
		{42D39F67-69CE-4CD5-953B-99F9F5E0DF54}.Debug|Win32.ActiveCfg = Debug|Win32
		{42D39F67-69CE-4CD5-953B-99F9F5E0DF54}.Debug|Win32.Build.0 = Debug|Win32
		{42D39F67-69CE-4CD5-953B-99F9F5E0DF54}.Release|Win32.ActiveCfg = Release|Win32
		{42D39F67-69CE-4CD5-953B-99F9F5E0DF54}.Release|Win32.Build.0 = Release|Win32
		{40367894-C0DE-4C8A-BC6F-8D1AEB31FFBC}.Debug|Win32.ActiveCfg = Debug|Win32
		{40367894-C0DE-4C8A-BC6F-8D1AEB31FFBC}.Debug|Win32.Build.0 = Debug|Win32
		{40367894-C0DE-4C8A-BC6F-8D1AEB31FFBC}.Release|Win32.ActiveCfg = Release|Win32
		{40367894-C0DE-4C8A-BC6F-8D1AEB31FFBC}.Release|Win32.Build.0 = Release|Win32
		{E17BB386-71D3-47DA-A05C-8FAC5BEC8350}.Debug|Win32.ActiveCfg = Debug|Win32
		{E17BB386-71D3-47DA-A05C-8FAC5BEC8350}.Debug|Win32.Build.0 = Debug|Win32
		{E17BB386-71D3-47DA-A05C-8FAC5BEC8350}.Release|Win32.ActiveCfg = Release|Win32
		{E17BB386-71D3-47DA-A05C-8FAC5BEC8350}.Release|Win32.Build.0 = Release|Win32
		{75D63582-81F9-4196-BDE7-0D3DFF593254}.Debug|Win32.ActiveCfg = Debug|Win32
		{75D63582-81F9-4196-BDE7-0D3DFF593254}.Debug|Win32.Build.0 = Debug|Win32
		{75D63582-81F9-4196-BDE7-0D3DFF593254}.Release|Win32.ActiveCfg = Release|Win32
		{75D63582-81F9-4196-BDE7-0D3DFF593254}.Release|Win32.Build.0 = Release|Win32
	EndGlobalSection
	GlobalSection(SolutionProperties) = preSolution
		HideSolutionNode = FALSE
	EndGlobalSection
EndGlobal
